
Microsoft Visual Studio Solution File, Format Version 12.00
# Visual Studio Version 16
VisualStudioVersion = 16.0.33328.57
MinimumVisualStudioVersion = 10.0.40219.1
Project("{F184B08F-C81C-45F6-A57F-5ABD9991F28F}") = "1060308", "1060308\1060308.vbproj", "{2F441EA9-5FA8-452C-86F5-7BEAEA1D302B}"
EndProject
Global
	GlobalSection(SolutionConfigurationPlatforms) = preSolution
		Debug|Any CPU = Debug|Any CPU
		Release|Any CPU = Release|Any CPU
	EndGlobalSection
	GlobalSection(ProjectConfigurationPlatforms) = postSolution
		{2F441EA9-5FA8-452C-86F5-7BEAEA1D302B}.Debug|Any CPU.ActiveCfg = Debug|Any CPU
		{2F441EA9-5FA8-452C-86F5-7BEAEA1D302B}.Debug|Any CPU.Build.0 = Debug|Any CPU
		{2F441EA9-5FA8-452C-86F5-7BEAEA1D302B}.Release|Any CPU.ActiveCfg = Release|Any CPU
		{2F441EA9-5FA8-452C-86F5-7BEAEA1D302B}.Release|Any CPU.Build.0 = Release|Any CPU
	EndGlobalSection
	GlobalSection(SolutionProperties) = preSolution
		HideSolutionNode = FALSE
	EndGlobalSection
	GlobalSection(ExtensibilityGlobals) = postSolution
		SolutionGuid = {CF273BEA-84E4-4BCC-AC37-DE1B5456B12C}
	EndGlobalSection
EndGlobal
