
Microsoft Visual Studio Solution File, Format Version 12.00
# Visual Studio Version 16
VisualStudioVersion = 16.0.33328.57
MinimumVisualStudioVersion = 10.0.40219.1
Project("{F184B08F-C81C-45F6-A57F-5ABD9991F28F}") = "1060305", "1060305\1060305.vbproj", "{7AD227CD-61BB-4585-AD3B-F4682321187E}"
EndProject
Global
	GlobalSection(SolutionConfigurationPlatforms) = preSolution
		Debug|Any CPU = Debug|Any CPU
		Release|Any CPU = Release|Any CPU
	EndGlobalSection
	GlobalSection(ProjectConfigurationPlatforms) = postSolution
		{7AD227CD-61BB-4585-AD3B-F4682321187E}.Debug|Any CPU.ActiveCfg = Debug|Any CPU
		{7AD227CD-61BB-4585-AD3B-F4682321187E}.Debug|Any CPU.Build.0 = Debug|Any CPU
		{7AD227CD-61BB-4585-AD3B-F4682321187E}.Release|Any CPU.ActiveCfg = Release|Any CPU
		{7AD227CD-61BB-4585-AD3B-F4682321187E}.Release|Any CPU.Build.0 = Release|Any CPU
	EndGlobalSection
	GlobalSection(SolutionProperties) = preSolution
		HideSolutionNode = FALSE
	EndGlobalSection
	GlobalSection(ExtensibilityGlobals) = postSolution
		SolutionGuid = {3981A90B-AF05-4C69-AD7E-B73A5C6FCB93}
	EndGlobalSection
EndGlobal
