
Microsoft Visual Studio Solution File, Format Version 12.00
# Visual Studio Version 17
VisualStudioVersion = 17.5.33424.131
MinimumVisualStudioVersion = 10.0.40219.1
Project("{F184B08F-C81C-45F6-A57F-5ABD9991F28F}") = "11900-1060306", "11900-1060306\11900-1060306.vbproj", "{17F21536-0DE3-486B-8C1F-D7DAB09018E1}"
EndProject
Global
	GlobalSection(SolutionConfigurationPlatforms) = preSolution
		Debug|Any CPU = Debug|Any CPU
		Release|Any CPU = Release|Any CPU
	EndGlobalSection
	GlobalSection(ProjectConfigurationPlatforms) = postSolution
		{17F21536-0DE3-486B-8C1F-D7DAB09018E1}.Debug|Any CPU.ActiveCfg = Debug|Any CPU
		{17F21536-0DE3-486B-8C1F-D7DAB09018E1}.Debug|Any CPU.Build.0 = Debug|Any CPU
		{17F21536-0DE3-486B-8C1F-D7DAB09018E1}.Release|Any CPU.ActiveCfg = Release|Any CPU
		{17F21536-0DE3-486B-8C1F-D7DAB09018E1}.Release|Any CPU.Build.0 = Release|Any CPU
	EndGlobalSection
	GlobalSection(SolutionProperties) = preSolution
		HideSolutionNode = FALSE
	EndGlobalSection
	GlobalSection(ExtensibilityGlobals) = postSolution
		SolutionGuid = {435B612C-9328-4165-9DEB-91812C32035E}
	EndGlobalSection
EndGlobal
