
Microsoft Visual Studio Solution File, Format Version 12.00
# Visual Studio Version 17
VisualStudioVersion = 17.5.33424.131
MinimumVisualStudioVersion = 10.0.40219.1
Project("{F184B08F-C81C-45F6-A57F-5ABD9991F28F}") = "11900-1060304", "11900-1060304\11900-1060304.vbproj", "{57F35A7A-E98A-4EF0-AC9A-A895F881768E}"
EndProject
Global
	GlobalSection(SolutionConfigurationPlatforms) = preSolution
		Debug|Any CPU = Debug|Any CPU
		Release|Any CPU = Release|Any CPU
	EndGlobalSection
	GlobalSection(ProjectConfigurationPlatforms) = postSolution
		{57F35A7A-E98A-4EF0-AC9A-A895F881768E}.Debug|Any CPU.ActiveCfg = Debug|Any CPU
		{57F35A7A-E98A-4EF0-AC9A-A895F881768E}.Debug|Any CPU.Build.0 = Debug|Any CPU
		{57F35A7A-E98A-4EF0-AC9A-A895F881768E}.Release|Any CPU.ActiveCfg = Release|Any CPU
		{57F35A7A-E98A-4EF0-AC9A-A895F881768E}.Release|Any CPU.Build.0 = Release|Any CPU
	EndGlobalSection
	GlobalSection(SolutionProperties) = preSolution
		HideSolutionNode = FALSE
	EndGlobalSection
	GlobalSection(ExtensibilityGlobals) = postSolution
		SolutionGuid = {597839A3-DB1C-4250-8FF5-B1D8EEAD9AF3}
	EndGlobalSection
EndGlobal
