
Microsoft Visual Studio Solution File, Format Version 12.00
# Visual Studio Version 17
VisualStudioVersion = 17.5.33424.131
MinimumVisualStudioVersion = 10.0.40219.1
Project("{F184B08F-C81C-45F6-A57F-5ABD9991F28F}") = "11900-1060305", "11900-1060305\11900-1060305.vbproj", "{AFA131CA-6F5D-4FAF-8A3A-57C39785FEC1}"
EndProject
Global
	GlobalSection(SolutionConfigurationPlatforms) = preSolution
		Debug|Any CPU = Debug|Any CPU
		Release|Any CPU = Release|Any CPU
	EndGlobalSection
	GlobalSection(ProjectConfigurationPlatforms) = postSolution
		{AFA131CA-6F5D-4FAF-8A3A-57C39785FEC1}.Debug|Any CPU.ActiveCfg = Debug|Any CPU
		{AFA131CA-6F5D-4FAF-8A3A-57C39785FEC1}.Debug|Any CPU.Build.0 = Debug|Any CPU
		{AFA131CA-6F5D-4FAF-8A3A-57C39785FEC1}.Release|Any CPU.ActiveCfg = Release|Any CPU
		{AFA131CA-6F5D-4FAF-8A3A-57C39785FEC1}.Release|Any CPU.Build.0 = Release|Any CPU
	EndGlobalSection
	GlobalSection(SolutionProperties) = preSolution
		HideSolutionNode = FALSE
	EndGlobalSection
	GlobalSection(ExtensibilityGlobals) = postSolution
		SolutionGuid = {D4B724CD-4ABF-4FCB-B054-23603172874C}
	EndGlobalSection
EndGlobal
