
Microsoft Visual Studio Solution File, Format Version 12.00
# Visual Studio Version 17
VisualStudioVersion = 17.5.33424.131
MinimumVisualStudioVersion = 10.0.40219.1
Project("{F184B08F-C81C-45F6-A57F-5ABD9991F28F}") = "11900-1060308", "11900-1060308\11900-1060308.vbproj", "{F8F83445-1ACC-4935-B08D-D74357056944}"
EndProject
Global
	GlobalSection(SolutionConfigurationPlatforms) = preSolution
		Debug|Any CPU = Debug|Any CPU
		Release|Any CPU = Release|Any CPU
	EndGlobalSection
	GlobalSection(ProjectConfigurationPlatforms) = postSolution
		{F8F83445-1ACC-4935-B08D-D74357056944}.Debug|Any CPU.ActiveCfg = Debug|Any CPU
		{F8F83445-1ACC-4935-B08D-D74357056944}.Debug|Any CPU.Build.0 = Debug|Any CPU
		{F8F83445-1ACC-4935-B08D-D74357056944}.Release|Any CPU.ActiveCfg = Release|Any CPU
		{F8F83445-1ACC-4935-B08D-D74357056944}.Release|Any CPU.Build.0 = Release|Any CPU
	EndGlobalSection
	GlobalSection(SolutionProperties) = preSolution
		HideSolutionNode = FALSE
	EndGlobalSection
	GlobalSection(ExtensibilityGlobals) = postSolution
		SolutionGuid = {7F2E8064-EE1D-4198-A81F-4B253D19C641}
	EndGlobalSection
EndGlobal
